
Microsoft Visual Studio Solution File, Format Version 12.00
# Visual Studio Version 16
VisualStudioVersion = 16.0.31205.134
MinimumVisualStudioVersion = 10.0.40219.1
Project("{FAE04EC0-301F-11D3-BF4B-00C04F79EFBC}") = "SuperScraper", "SuperScraper\SuperScraper.csproj", "{BB809E07-2BED-4656-9ED3-4E02302C8FA2}"
EndProject
Global
	GlobalSection(SolutionConfigurationPlatforms) = preSolution
		Debug|Any CPU = Debug|Any CPU
		Release|Any CPU = Release|Any CPU
	EndGlobalSection
	GlobalSection(ProjectConfigurationPlatforms) = postSolution
		{BB809E07-2BED-4656-9ED3-4E02302C8FA2}.Debug|Any CPU.ActiveCfg = Debug|Any CPU
		{BB809E07-2BED-4656-9ED3-4E02302C8FA2}.Debug|Any CPU.Build.0 = Debug|Any CPU
		{BB809E07-2BED-4656-9ED3-4E02302C8FA2}.Release|Any CPU.ActiveCfg = Release|Any CPU
		{BB809E07-2BED-4656-9ED3-4E02302C8FA2}.Release|Any CPU.Build.0 = Release|Any CPU
	EndGlobalSection
	GlobalSection(SolutionProperties) = preSolution
		HideSolutionNode = FALSE
	EndGlobalSection
	GlobalSection(ExtensibilityGlobals) = postSolution
		SolutionGuid = {C82F2F09-5B38-439F-8ADF-FA41A06DFF5E}
	EndGlobalSection
EndGlobal
